
Microsoft Visual Studio Solution File, Format Version 12.00
# Visual Studio Version 16
VisualStudioVersion = 16.0.29424.173
MinimumVisualStudioVersion = 10.0.40219.1
Project("{FAE04EC0-301F-11D3-BF4B-00C04F79EFBC}") = "PredmetniZadatak1", "PredmetniZadatak1\PredmetniZadatak1.csproj", "{F7173D58-E8BA-4240-8C77-7C83C35A213C}"
EndProject
Global
	GlobalSection(SolutionConfigurationPlatforms) = preSolution
		Debug|Any CPU = Debug|Any CPU
		Release|Any CPU = Release|Any CPU
	EndGlobalSection
	GlobalSection(ProjectConfigurationPlatforms) = postSolution
		{F7173D58-E8BA-4240-8C77-7C83C35A213C}.Debug|Any CPU.ActiveCfg = Debug|Any CPU
		{F7173D58-E8BA-4240-8C77-7C83C35A213C}.Debug|Any CPU.Build.0 = Debug|Any CPU
		{F7173D58-E8BA-4240-8C77-7C83C35A213C}.Release|Any CPU.ActiveCfg = Release|Any CPU
		{F7173D58-E8BA-4240-8C77-7C83C35A213C}.Release|Any CPU.Build.0 = Release|Any CPU
	EndGlobalSection
	GlobalSection(SolutionProperties) = preSolution
		HideSolutionNode = FALSE
	EndGlobalSection
	GlobalSection(ExtensibilityGlobals) = postSolution
		SolutionGuid = {3BA8B4E1-61C0-4EF0-8068-17DBAE810810}
	EndGlobalSection
EndGlobal
